# This file is automatically @generated by Cargo.
# It is not intended for manual editing.
version = 3

[[package]]
name = "goblin"
version = "0.5.1"
source = "registry+https://github.com/rust-lang/crates.io-index"
checksum = "c955ab4e0ad8c843ea653a3d143048b87490d9be56bd7132a435c2407846ac8f"
dependencies = [
 "plain",
 "scroll",
]

[[package]]
name = "libc"
version = "0.2.124"
source = "registry+https://github.com/rust-lang/crates.io-index"
checksum = "21a41fed9d98f27ab1c6d161da622a4fa35e8a54a8adc24bbf3ddd0ef70b0e50"

[[package]]
name = "plain"
version = "0.2.3"
source = "registry+https://github.com/rust-lang/crates.io-index"
checksum = "b4596b6d070b27117e987119b4dac604f3c58cfb0b191112e24771b2faeac1a6"

[[package]]
name = "rcrt1"
version = "2.0.0"
source = "registry+https://github.com/rust-lang/crates.io-index"
checksum = "20b81a68a9f170134331ace1da05439ba91abb3e4ec9c8573558d66ecee4d65c"
dependencies = [
 "goblin",
 "libc",
]

[[package]]
name = "scroll"
version = "0.11.0"
source = "registry+https://github.com/rust-lang/crates.io-index"
checksum = "04c565b551bafbef4157586fa379538366e4385d42082f255bfd96e4fe8519da"

[[package]]
name = "x86_64-linux-nolibc"
version = "0.1.0"
dependencies = [
 "rcrt1",
]
